[root]
name = "1"
version = "0.0.1"
dependencies = [
 "clap 0.3.5 (registry+https://github.com/rust-lang/crates.io-index)",
 "env_logger 0.2.2 (registry+https://github.com/rust-lang/crates.io-index)",
 "log 0.2.5 (registry+https://github.com/rust-lang/crates.io-index)",
 "msgpack 0.1.0 (git+https://github.com/mneumann/rust-msgpack.git)",
 "nanomsg 0.3.1 (registry+https://github.com/rust-lang/crates.io-index)",
]

[[package]]
name = "clap"
version = "0.3.5"
source = "registry+https://github.com/rust-lang/crates.io-index"

[[package]]
name = "env_logger"
version = "0.2.2"
source = "registry+https://github.com/rust-lang/crates.io-index"
dependencies = [
 "log 0.2.5 (registry+https://github.com/rust-lang/crates.io-index)",
 "regex 0.1.17 (registry+https://github.com/rust-lang/crates.io-index)",
]

[[package]]
name = "log"
version = "0.2.5"
source = "registry+https://github.com/rust-lang/crates.io-index"

[[package]]
name = "msgpack"
version = "0.1.0"
source = "git+https://github.com/mneumann/rust-msgpack.git#bbe3fb2c7aa1607df31a98c68c582efdaf14758c"

[[package]]
name = "nanomsg"
version = "0.3.1"
source = "registry+https://github.com/rust-lang/crates.io-index"
dependencies = [
 "nanomsg-sys 0.1.1 (registry+https://github.com/rust-lang/crates.io-index)",
]

[[package]]
name = "nanomsg-sys"
version = "0.1.1"
source = "registry+https://github.com/rust-lang/crates.io-index"

[[package]]
name = "regex"
version = "0.1.17"
source = "registry+https://github.com/rust-lang/crates.io-index"

